# This file is autogenerated, do not edit; changes may be undone by the next 'dep ensure'.


[[projects]]
  name = "github.com/stianeikeland/go-rpio"
  packages = ["."]
  revision = "896db2ee1c7f95240dd6a09e56edf9cece107a34"
  version = "v3.0.0"

[solve-meta]
  analyzer-name = "dep"
  analyzer-version = 1
  inputs-digest = "7a227791b295d330ed76afef59adf7eeb3cc0139486bc87b7f86134fee94d0d9"
  solver-name = "gps-cdcl"
  solver-version = 1
